<?xml version="1.0" encoding="utf-8"?>
<Project ToolsVersion="4.0" xmlns="http://schemas.microsoft.com/developer/msbuild/2003">
  <ItemGroup>
    <Filter Include="Convert">
      <UniqueIdentifier>{78e662c6-f0c4-4dc1-8111-01c50283a985}</UniqueIdentifier>
    </Filter>
    <Filter Include="Shared">
      <UniqueIdentifier>{e28c5e0b-2bf9-4a7e-ad95-c5e5faf4672c}</UniqueIdentifier>
    </Filter>
    <Filter Include="NormalMap">
      <UniqueIdentifier>{12d09131-6f99-4040-a561-a190b1bd7d0c}</UniqueIdentifier>
    </Filter>
  </ItemGroup>
  <ItemGroup>
    <ClCompile Include="DXT.cpp">
      <Filter>Convert</Filter>
    </ClCompile>
    <ClCompile Include="Image_DXTC.cpp">
      <Filter>NormalMap</Filter>
    </ClCompile>
    <ClCompile Include="NormalMapGen.cpp">
      <Filter>NormalMap</Filter>
    </ClCompile>
    <ClCompile Include="NVI_Convolution.cpp">
      <Filter>NormalMap</Filter>
    </ClCompile>
    <ClCompile Include="NVI_Image.cpp">
      <Filter>NormalMap</Filter>
    </ClCompile>
    <ClCompile Include="tga.cpp">
      <Filter>NormalMap</Filter>
    </ClCompile>
    <ClCompile Include="ETextureParams.cpp">
      <Filter>Shared</Filter>
    </ClCompile>
    <ClCompile Include="StdAfx.cpp" />
  </ItemGroup>
  <ItemGroup>
    <ClInclude Include="dxtlib.h">
      <Filter>Convert</Filter>
    </ClInclude>
    <ClInclude Include="Image_DXTC.h">
      <Filter>NormalMap</Filter>
    </ClInclude>
    <ClInclude Include="NV_Common.h">
      <Filter>NormalMap</Filter>
    </ClInclude>
    <ClInclude Include="NVI_Convolution.h">
      <Filter>NormalMap</Filter>
    </ClInclude>
    <ClInclude Include="NVI_Image.h">
      <Filter>NormalMap</Filter>
    </ClInclude>
    <ClInclude Include="tga.h">
      <Filter>NormalMap</Filter>
    </ClInclude>
    <ClInclude Include="ETextureParams.h">
      <Filter>Shared</Filter>
    </ClInclude>
    <ClInclude Include="dds.h" />
    <ClInclude Include="StdAfx.h" />
    <ClInclude Include="dds\tVector.h" />
    <ClInclude Include="dds\tPixel.h" />
    <ClInclude Include="dds\nvErrorCodes.h" />
    <ClInclude Include="dds\ddsTypes.h" />
    <ClInclude Include="dds\ConvertColor.h" />
  </ItemGroup>
</Project>