<?xml version="1.0" encoding="utf-8"?>
<Project ToolsVersion="4.0" xmlns="http://schemas.microsoft.com/developer/msbuild/2003">
  <ItemGroup>
    <Filter Include="Kernel">
      <UniqueIdentifier>{7455791a-8dcc-4ff4-82a1-20d4192018af}</UniqueIdentifier>
    </Filter>
    <Filter Include="Core">
      <UniqueIdentifier>{6bcf5f67-8623-4875-a294-95c014f8ac11}</UniqueIdentifier>
    </Filter>
    <Filter Include="Core\memory">
      <UniqueIdentifier>{c253ef79-e333-4436-8681-1c179c7a9779}</UniqueIdentifier>
    </Filter>
    <Filter Include="Details">
      <UniqueIdentifier>{57ca94d8-7651-49e4-8e6a-50aef1eff766}</UniqueIdentifier>
    </Filter>
    <Filter Include="Stripifier">
      <UniqueIdentifier>{086ebd0c-3336-4535-a29e-d0f42968c3c4}</UniqueIdentifier>
    </Filter>
    <Filter Include="Glows">
      <UniqueIdentifier>{55050825-eabd-47ce-8974-d26a2fd840e6}</UniqueIdentifier>
    </Filter>
    <Filter Include="Wallmarks">
      <UniqueIdentifier>{eb6c1faa-ac21-4d21-8787-e9aa1c1c43e0}</UniqueIdentifier>
    </Filter>
    <Filter Include="Shading templates">
      <UniqueIdentifier>{7e1d6f26-86bb-4d86-9d22-ff77bebd4b4b}</UniqueIdentifier>
    </Filter>
    <Filter Include="Models">
      <UniqueIdentifier>{058f048d-2dd9-493c-b139-eca600da3c5f}</UniqueIdentifier>
    </Filter>
    <Filter Include="Models\Visuals">
      <UniqueIdentifier>{aec065f1-35ec-495e-94cf-8143fdb8005a}</UniqueIdentifier>
    </Filter>
    <Filter Include="Visibility">
      <UniqueIdentifier>{b62de675-5eba-4c8f-a981-f4a2fa6a4612}</UniqueIdentifier>
    </Filter>
    <Filter Include="Visibility\Sector/Portal">
      <UniqueIdentifier>{2efb60dc-7527-4123-bb14-089bd675ac22}</UniqueIdentifier>
    </Filter>
    <Filter Include="Visibility\HOM Occlusion">
      <UniqueIdentifier>{0d763377-8ca5-4cb1-8650-6289f32f0f18}</UniqueIdentifier>
    </Filter>
    <Filter Include="Lights">
      <UniqueIdentifier>{3e186e57-4741-46c6-aebb-7d9cbe9960c6}</UniqueIdentifier>
    </Filter>
  </ItemGroup>
  <ItemGroup>
    <ClInclude Include="..\xrRender\cl_intersect.h">
      <Filter>Kernel</Filter>
    </ClInclude>
    <ClInclude Include="stdafx.h">
      <Filter>Kernel</Filter>
    </ClInclude>
    <ClInclude Include="..\xrRender\xrRender_console.h">
      <Filter>Kernel</Filter>
    </ClInclude>
    <ClInclude Include="FStaticRender.h">
      <Filter>Core</Filter>
    </ClInclude>
    <ClInclude Include="FStaticRender_RenderTarget.h">
      <Filter>Core</Filter>
    </ClInclude>
    <ClInclude Include="..\xrRender\PSLibrary.h">
      <Filter>Core</Filter>
    </ClInclude>
    <ClInclude Include="..\xrRender\r__dsgraph_structure.h">
      <Filter>Core</Filter>
    </ClInclude>
    <ClInclude Include="..\xrRender\r__dsgraph_types.h">
      <Filter>Core</Filter>
    </ClInclude>
    <ClInclude Include="..\xrRender\doug_lea_memory_allocator.h">
      <Filter>Core\memory</Filter>
    </ClInclude>
    <ClInclude Include="..\xrRender\DetailFormat.h">
      <Filter>Details</Filter>
    </ClInclude>
    <ClInclude Include="..\xrRender\DetailManager.h">
      <Filter>Details</Filter>
    </ClInclude>
    <ClInclude Include="..\xrRender\DetailModel.h">
      <Filter>Details</Filter>
    </ClInclude>
    <ClInclude Include="..\xrRender\NvTriStrip.h">
      <Filter>Stripifier</Filter>
    </ClInclude>
    <ClInclude Include="..\xrRender\NvTriStripObjects.h">
      <Filter>Stripifier</Filter>
    </ClInclude>
    <ClInclude Include="..\xrRender\VertexCache.h">
      <Filter>Stripifier</Filter>
    </ClInclude>
    <ClInclude Include="..\xrRender\xrStripify.h">
      <Filter>Stripifier</Filter>
    </ClInclude>
    <ClInclude Include="GlowManager.h">
      <Filter>Glows</Filter>
    </ClInclude>
    <ClInclude Include="..\xrRender\WallmarksEngine.h">
      <Filter>Wallmarks</Filter>
    </ClInclude>
    <ClInclude Include="Blender_Blur.h">
      <Filter>Shading templates</Filter>
    </ClInclude>
    <ClInclude Include="..\xrRender\Blender_BmmD.h">
      <Filter>Shading templates</Filter>
    </ClInclude>
    <ClInclude Include="Blender_default_aref.h">
      <Filter>Shading templates</Filter>
    </ClInclude>
    <ClInclude Include="..\xrRender\Blender_detail_still.h">
      <Filter>Shading templates</Filter>
    </ClInclude>
    <ClInclude Include="..\xrRender\Blender_Editor_Selection.h">
      <Filter>Shading templates</Filter>
    </ClInclude>
    <ClInclude Include="..\xrRender\Blender_Editor_Wire.h">
      <Filter>Shading templates</Filter>
    </ClInclude>
    <ClInclude Include="Blender_LaEmB.h">
      <Filter>Shading templates</Filter>
    </ClInclude>
    <ClInclude Include="..\xrRender\Blender_Lm(EbB).h">
      <Filter>Shading templates</Filter>
    </ClInclude>
    <ClInclude Include="Blender_Model.h">
      <Filter>Shading templates</Filter>
    </ClInclude>
    <ClInclude Include="..\xrRender\Blender_Model_EbB.h">
      <Filter>Shading templates</Filter>
    </ClInclude>
    <ClInclude Include="..\xrRender\Blender_Particle.h">
      <Filter>Shading templates</Filter>
    </ClInclude>
    <ClInclude Include="Blender_Screen_GRAY.h">
      <Filter>Shading templates</Filter>
    </ClInclude>
    <ClInclude Include="..\xrRender\Blender_Screen_SET.h">
      <Filter>Shading templates</Filter>
    </ClInclude>
    <ClInclude Include="Blender_Shadow_World.h">
      <Filter>Shading templates</Filter>
    </ClInclude>
    <ClInclude Include="..\xrRender\Blender_tree.h">
      <Filter>Shading templates</Filter>
    </ClInclude>
    <ClInclude Include="Blender_Vertex.h">
      <Filter>Shading templates</Filter>
    </ClInclude>
    <ClInclude Include="Blender_Vertex_aref.h">
      <Filter>Shading templates</Filter>
    </ClInclude>
    <ClInclude Include="BlenderDefault.h">
      <Filter>Shading templates</Filter>
    </ClInclude>
    <ClInclude Include="..\xrRender\ModelPool.h">
      <Filter>Models</Filter>
    </ClInclude>
    <ClInclude Include="..\xrRender\FLOD.h">
      <Filter>Models\Visuals</Filter>
    </ClInclude>
    <ClInclude Include="..\xrRender\FProgressive.h">
      <Filter>Models\Visuals</Filter>
    </ClInclude>
    <ClInclude Include="..\xrRender\FSkinned.h">
      <Filter>Models\Visuals</Filter>
    </ClInclude>
    <ClInclude Include="..\xrRender\FTreeVisual.h">
      <Filter>Models\Visuals</Filter>
    </ClInclude>
    <ClInclude Include="..\xrRender\FVisual.h">
      <Filter>Models\Visuals</Filter>
    </ClInclude>
    <ClInclude Include="..\xrRender\ParticleEffect.h">
      <Filter>Models\Visuals</Filter>
    </ClInclude>
    <ClInclude Include="..\xrRender\ParticleEffectDef.h">
      <Filter>Models\Visuals</Filter>
    </ClInclude>
    <ClInclude Include="..\xrRender\ParticleGroup.h">
      <Filter>Models\Visuals</Filter>
    </ClInclude>
    <ClInclude Include="..\xrRender\r__sector.h">
      <Filter>Visibility\Sector/Portal</Filter>
    </ClInclude>
    <ClInclude Include="..\xrRender\HOM.h">
      <Filter>Visibility\HOM Occlusion</Filter>
    </ClInclude>
    <ClInclude Include="..\xrRender\occRasterizer.h">
      <Filter>Visibility\HOM Occlusion</Filter>
    </ClInclude>
    <ClInclude Include="..\xrRender\light.h">
      <Filter>Lights</Filter>
    </ClInclude>
    <ClInclude Include="..\xrRender\Light_DB.h">
      <Filter>Lights</Filter>
    </ClInclude>
    <ClInclude Include="..\xrRender\Light_Package.h">
      <Filter>Lights</Filter>
    </ClInclude>
    <ClInclude Include="LightPPA.h">
      <Filter>Lights</Filter>
    </ClInclude>
    <ClInclude Include="LightProjector.h">
      <Filter>Lights</Filter>
    </ClInclude>
    <ClInclude Include="LightShadows.h">
      <Filter>Lights</Filter>
    </ClInclude>
    <ClInclude Include="..\xrRender\LightTrack.h">
      <Filter>Lights</Filter>
    </ClInclude>
  </ItemGroup>
  <ItemGroup>
    <ClCompile Include="stdafx.cpp">
      <Filter>Kernel</Filter>
    </ClCompile>
    <ClCompile Include="..\xrRender\xrRender_console.cpp">
      <Filter>Kernel</Filter>
    </ClCompile>
    <ClCompile Include="xrRender_R1.cpp">
      <Filter>Kernel</Filter>
    </ClCompile>
    <ClCompile Include="FStaticRender.cpp">
      <Filter>Core</Filter>
    </ClCompile>
    <ClCompile Include="FStaticRender_Blenders.cpp">
      <Filter>Core</Filter>
    </ClCompile>
    <ClCompile Include="FStaticRender_DetectSector.cpp">
      <Filter>Core</Filter>
    </ClCompile>
    <ClCompile Include="FStaticRender_Loader.cpp">
      <Filter>Core</Filter>
    </ClCompile>
    <ClCompile Include="FStaticRender_RenderTarget.cpp">
      <Filter>Core</Filter>
    </ClCompile>
    <ClCompile Include="..\xrRender\PSLibrary.cpp">
      <Filter>Core</Filter>
    </ClCompile>
    <ClCompile Include="..\xrRender\r__dsgraph_build.cpp">
      <Filter>Core</Filter>
    </ClCompile>
    <ClCompile Include="..\xrRender\r__dsgraph_render.cpp">
      <Filter>Core</Filter>
    </ClCompile>
    <ClCompile Include="..\xrRender\r__dsgraph_render_lods.cpp">
      <Filter>Core</Filter>
    </ClCompile>
    <ClCompile Include="..\xrRender\r__screenshot.cpp">
      <Filter>Core</Filter>
    </ClCompile>
    <ClCompile Include="..\xrRender\Texture.cpp">
      <Filter>Core</Filter>
    </ClCompile>
    <ClCompile Include="..\xrRender\tga.cpp">
      <Filter>Core</Filter>
    </ClCompile>
    <ClCompile Include="..\xrRender\doug_lea_memory_allocator.c">
      <Filter>Core\memory</Filter>
    </ClCompile>
    <ClCompile Include="..\xrRender\DetailManager.cpp">
      <Filter>Details</Filter>
    </ClCompile>
    <ClCompile Include="..\xrRender\DetailManager_CACHE.cpp">
      <Filter>Details</Filter>
    </ClCompile>
    <ClCompile Include="..\xrRender\DetailManager_Decompress.cpp">
      <Filter>Details</Filter>
    </ClCompile>
    <ClCompile Include="..\xrRender\DetailManager_soft.cpp">
      <Filter>Details</Filter>
    </ClCompile>
    <ClCompile Include="..\xrRender\DetailManager_VS.cpp">
      <Filter>Details</Filter>
    </ClCompile>
    <ClCompile Include="..\xrRender\DetailModel.cpp">
      <Filter>Details</Filter>
    </ClCompile>
    <ClCompile Include="..\xrRender\NvTriStrip.cpp">
      <Filter>Stripifier</Filter>
    </ClCompile>
    <ClCompile Include="..\xrRender\NvTriStripObjects.cpp">
      <Filter>Stripifier</Filter>
    </ClCompile>
    <ClCompile Include="..\xrRender\VertexCache.cpp">
      <Filter>Stripifier</Filter>
    </ClCompile>
    <ClCompile Include="..\xrRender\xrStripify.cpp">
      <Filter>Stripifier</Filter>
    </ClCompile>
    <ClCompile Include="GlowManager.cpp">
      <Filter>Glows</Filter>
    </ClCompile>
    <ClCompile Include="..\xrRender\WallmarksEngine.cpp">
      <Filter>Wallmarks</Filter>
    </ClCompile>
    <ClCompile Include="Blender_Blur.cpp">
      <Filter>Shading templates</Filter>
    </ClCompile>
    <ClCompile Include="..\xrRender\Blender_BmmD.cpp">
      <Filter>Shading templates</Filter>
    </ClCompile>
    <ClCompile Include="Blender_default_aref.cpp">
      <Filter>Shading templates</Filter>
    </ClCompile>
    <ClCompile Include="..\xrRender\Blender_detail_still.cpp">
      <Filter>Shading templates</Filter>
    </ClCompile>
    <ClCompile Include="..\xrRender\Blender_Editor_Selection.cpp">
      <Filter>Shading templates</Filter>
    </ClCompile>
    <ClCompile Include="..\xrRender\Blender_Editor_Wire.cpp">
      <Filter>Shading templates</Filter>
    </ClCompile>
    <ClCompile Include="Blender_LaEmB.cpp">
      <Filter>Shading templates</Filter>
    </ClCompile>
    <ClCompile Include="..\xrRender\Blender_Lm(EbB).cpp">
      <Filter>Shading templates</Filter>
    </ClCompile>
    <ClCompile Include="Blender_Model.cpp">
      <Filter>Shading templates</Filter>
    </ClCompile>
    <ClCompile Include="..\xrRender\Blender_Model_EbB.cpp">
      <Filter>Shading templates</Filter>
    </ClCompile>
    <ClCompile Include="..\xrRender\Blender_Particle.cpp">
      <Filter>Shading templates</Filter>
    </ClCompile>
    <ClCompile Include="Blender_Screen_GRAY.cpp">
      <Filter>Shading templates</Filter>
    </ClCompile>
    <ClCompile Include="..\xrRender\Blender_Screen_SET.cpp">
      <Filter>Shading templates</Filter>
    </ClCompile>
    <ClCompile Include="Blender_Shadow_World.cpp">
      <Filter>Shading templates</Filter>
    </ClCompile>
    <ClCompile Include="..\xrRender\Blender_tree.cpp">
      <Filter>Shading templates</Filter>
    </ClCompile>
    <ClCompile Include="Blender_Vertex.cpp">
      <Filter>Shading templates</Filter>
    </ClCompile>
    <ClCompile Include="Blender_Vertex_aref.cpp">
      <Filter>Shading templates</Filter>
    </ClCompile>
    <ClCompile Include="BlenderDefault.cpp">
      <Filter>Shading templates</Filter>
    </ClCompile>
    <ClCompile Include="..\xrRender\ModelPool.cpp">
      <Filter>Models</Filter>
    </ClCompile>
    <ClCompile Include="..\xrRender\FLOD.cpp">
      <Filter>Models\Visuals</Filter>
    </ClCompile>
    <ClCompile Include="..\xrRender\FProgressive.cpp">
      <Filter>Models\Visuals</Filter>
    </ClCompile>
    <ClCompile Include="..\xrRender\FSkinned.cpp">
      <Filter>Models\Visuals</Filter>
    </ClCompile>
    <ClCompile Include="..\xrRender\FTreeVisual.cpp">
      <Filter>Models\Visuals</Filter>
    </ClCompile>
    <ClCompile Include="..\xrRender\FVisual.cpp">
      <Filter>Models\Visuals</Filter>
    </ClCompile>
    <ClCompile Include="..\xrRender\ParticleEffect.cpp">
      <Filter>Models\Visuals</Filter>
    </ClCompile>
    <ClCompile Include="..\xrRender\ParticleEffectDef.cpp">
      <Filter>Models\Visuals</Filter>
    </ClCompile>
    <ClCompile Include="..\xrRender\ParticleGroup.cpp">
      <Filter>Models\Visuals</Filter>
    </ClCompile>
    <ClCompile Include="..\xrRender\r__sector.cpp">
      <Filter>Visibility\Sector/Portal</Filter>
    </ClCompile>
    <ClCompile Include="..\xrRender\r__sector_traversal.cpp">
      <Filter>Visibility\Sector/Portal</Filter>
    </ClCompile>
    <ClCompile Include="..\xrRender\HOM.cpp">
      <Filter>Visibility\HOM Occlusion</Filter>
    </ClCompile>
    <ClCompile Include="..\xrRender\occRasterizer.cpp">
      <Filter>Visibility\HOM Occlusion</Filter>
    </ClCompile>
    <ClCompile Include="..\xrRender\occRasterizer_core.cpp">
      <Filter>Visibility\HOM Occlusion</Filter>
    </ClCompile>
    <ClCompile Include="..\xrRender\light.cpp">
      <Filter>Lights</Filter>
    </ClCompile>
    <ClCompile Include="..\xrRender\Light_DB.cpp">
      <Filter>Lights</Filter>
    </ClCompile>
    <ClCompile Include="..\xrRender\Light_Package.cpp">
      <Filter>Lights</Filter>
    </ClCompile>
    <ClCompile Include="LightPPA.cpp">
      <Filter>Lights</Filter>
    </ClCompile>
    <ClCompile Include="LightProjector.cpp">
      <Filter>Lights</Filter>
    </ClCompile>
    <ClCompile Include="LightShadows.cpp">
      <Filter>Lights</Filter>
    </ClCompile>
    <ClCompile Include="..\xrRender\LightTrack.cpp">
      <Filter>Lights</Filter>
    </ClCompile>
  </ItemGroup>
  <ItemGroup>
    <None Include="Pipeline.txt" />
  </ItemGroup>
</Project>